
Microsoft Visual Studio Solution File, Format Version 12.00
# Visual Studio Version 17
VisualStudioVersion = 17.3.32901.215
MinimumVisualStudioVersion = 10.0.40219.1
Project("{FAE04EC0-301F-11D3-BF4B-00C04F79EFBC}") = "DllHotReall", "DllHotReall\DllHotReall.csproj", "{D822F7B4-65A4-4A7F-9BBD-04305FDF7AE2}"
EndProject
Global
	GlobalSection(SolutionConfigurationPlatforms) = preSolution
		Debug|Any CPU = Debug|Any CPU
		Release|Any CPU = Release|Any CPU
	EndGlobalSection
	GlobalSection(ProjectConfigurationPlatforms) = postSolution
		{D822F7B4-65A4-4A7F-9BBD-04305FDF7AE2}.Debug|Any CPU.ActiveCfg = Debug|Any CPU
		{D822F7B4-65A4-4A7F-9BBD-04305FDF7AE2}.Debug|Any CPU.Build.0 = Debug|Any CPU
		{D822F7B4-65A4-4A7F-9BBD-04305FDF7AE2}.Release|Any CPU.ActiveCfg = Release|Any CPU
		{D822F7B4-65A4-4A7F-9BBD-04305FDF7AE2}.Release|Any CPU.Build.0 = Release|Any CPU
	EndGlobalSection
	GlobalSection(SolutionProperties) = preSolution
		HideSolutionNode = FALSE
	EndGlobalSection
	GlobalSection(ExtensibilityGlobals) = postSolution
		SolutionGuid = {6F9538E6-F8DD-43DC-A980-F1298E9623DD}
	EndGlobalSection
EndGlobal
